
Microsoft Visual Studio Solution File, Format Version 12.00
# Visual Studio Version 16
VisualStudioVersion = 16.0.29021.104
MinimumVisualStudioVersion = 10.0.40219.1
Project("{FAE04EC0-301F-11D3-BF4B-00C04F79EFBC}") = "zeal", "zeal\zeal.csproj", "{5ACE23C6-B396-4EED-AC71-43E59D002955}"
EndProject
Global
	GlobalSection(SolutionConfigurationPlatforms) = preSolution
		Debug|Any CPU = Debug|Any CPU
		Release|Any CPU = Release|Any CPU
	EndGlobalSection
	GlobalSection(ProjectConfigurationPlatforms) = postSolution
		{5ACE23C6-B396-4EED-AC71-43E59D002955}.Debug|Any CPU.ActiveCfg = Debug|Any CPU
		{5ACE23C6-B396-4EED-AC71-43E59D002955}.Debug|Any CPU.Build.0 = Debug|Any CPU
		{5ACE23C6-B396-4EED-AC71-43E59D002955}.Release|Any CPU.ActiveCfg = Release|Any CPU
		{5ACE23C6-B396-4EED-AC71-43E59D002955}.Release|Any CPU.Build.0 = Release|Any CPU
	EndGlobalSection
	GlobalSection(SolutionProperties) = preSolution
		HideSolutionNode = FALSE
	EndGlobalSection
	GlobalSection(ExtensibilityGlobals) = postSolution
		SolutionGuid = {7F242717-5376-4F2B-BBA6-0FCA0E6936F5}
	EndGlobalSection
EndGlobal
